
Microsoft Visual Studio Solution File, Format Version 12.00
# Visual Studio 2012
Project("{FAE04EC0-301F-11D3-BF4B-00C04F79EFBC}") = "Jenkins.Website", "Jenkins.Website\Jenkins.Website.csproj", "{FFA680D6-5FAD-4DEF-A406-18AA760D8AA5}"
EndProject
Global
	GlobalSection(SolutionConfigurationPlatforms) = preSolution
		Debug|Any CPU = Debug|Any CPU
		Release|Any CPU = Release|Any CPU
	EndGlobalSection
	GlobalSection(ProjectConfigurationPlatforms) = postSolution
		{FFA680D6-5FAD-4DEF-A406-18AA760D8AA5}.Debug|Any CPU.ActiveCfg = Debug|Any CPU
		{FFA680D6-5FAD-4DEF-A406-18AA760D8AA5}.Debug|Any CPU.Build.0 = Debug|Any CPU
		{FFA680D6-5FAD-4DEF-A406-18AA760D8AA5}.Release|Any CPU.ActiveCfg = Release|Any CPU
		{FFA680D6-5FAD-4DEF-A406-18AA760D8AA5}.Release|Any CPU.Build.0 = Release|Any CPU
	EndGlobalSection
EndGlobal
